
Microsoft Visual Studio Solution File, Format Version 12.00
# Visual Studio Version 17
VisualStudioVersion = 17.10.34916.146
MinimumVisualStudioVersion = 10.0.40219.1
Project("{FAE04EC0-301F-11D3-BF4B-00C04F79EFBC}") = "WaterBillingSystem", "WaterBillingSystem\WaterBillingSystem.csproj", "{6354F498-60AF-42D6-BFCC-78DC0600A0E3}"
EndProject
Global
	GlobalSection(SolutionConfigurationPlatforms) = preSolution
		Debug|Any CPU = Debug|Any CPU
		Release|Any CPU = Release|Any CPU
	EndGlobalSection
	GlobalSection(ProjectConfigurationPlatforms) = postSolution
		{6354F498-60AF-42D6-BFCC-78DC0600A0E3}.Debug|Any CPU.ActiveCfg = Debug|Any CPU
		{6354F498-60AF-42D6-BFCC-78DC0600A0E3}.Debug|Any CPU.Build.0 = Debug|Any CPU
		{6354F498-60AF-42D6-BFCC-78DC0600A0E3}.Release|Any CPU.ActiveCfg = Release|Any CPU
		{6354F498-60AF-42D6-BFCC-78DC0600A0E3}.Release|Any CPU.Build.0 = Release|Any CPU
	EndGlobalSection
	GlobalSection(SolutionProperties) = preSolution
		HideSolutionNode = FALSE
	EndGlobalSection
	GlobalSection(ExtensibilityGlobals) = postSolution
		SolutionGuid = {2064C713-5A61-4AEB-93B7-6210AD659921}
	EndGlobalSection
EndGlobal
